// !$*UTF8*$!
{
	archiveVersion = 1;
	classes = {
	};
	objectVersion = 56;
	objects = {

/* Begin PBXBuildFile section */
		569AA1E5295DAF3500E6194A /* GitHubClientApp.swift in Sources */ = {isa = PBXBuildFile; fileRef = 569AA1E4295DAF3500E6194A /* GitHubClientApp.swift */; };
		569AA1E7295DAF3500E6194A /* RepoListView.swift in Sources */ = {isa = PBXBuildFile; fileRef = 569AA1E6295DAF3500E6194A /* RepoListView.swift */; };
		569AA1E9295DAF3600E6194A /* Assets.xcassets in Resources */ = {isa = PBXBuildFile; fileRef = 569AA1E8295DAF3600E6194A /* Assets.xcassets */; };
		569AA1EC295DAF3600E6194A /* Preview Assets.xcassets in Resources */ = {isa = PBXBuildFile; fileRef = 569AA1EB295DAF3600E6194A /* Preview Assets.xcassets */; };
		569AA1F32961BC5F00E6194A /* Repo.swift in Sources */ = {isa = PBXBuildFile; fileRef = 569AA1F22961BC5F00E6194A /* Repo.swift */; };
		569AA1F52961BC7200E6194A /* User.swift in Sources */ = {isa = PBXBuildFile; fileRef = 569AA1F42961BC7200E6194A /* User.swift */; };
		569AA1F82961C1C200E6194A /* RepoRow.swift in Sources */ = {isa = PBXBuildFile; fileRef = 569AA1F72961C1C200E6194A /* RepoRow.swift */; };
		569AA1FA2961C7D800E6194A /* RepoDetailView.swift in Sources */ = {isa = PBXBuildFile; fileRef = 569AA1F92961C7D800E6194A /* RepoDetailView.swift */; };
		569AA1FE2961CBC400E6194A /* User+mock.swift in Sources */ = {isa = PBXBuildFile; fileRef = 569AA1FD2961CBC400E6194A /* User+mock.swift */; };
		569AA2002961CBD700E6194A /* Repo+mock.swift in Sources */ = {isa = PBXBuildFile; fileRef = 569AA1FF2961CBD700E6194A /* Repo+mock.swift */; };
		56FF560F29671692002C3300 /* RepoListViewModel.swift in Sources */ = {isa = PBXBuildFile; fileRef = 56FF560E29671692002C3300 /* RepoListViewModel.swift */; };
		56FF5611296716CB002C3300 /* RepoRepository.swift in Sources */ = {isa = PBXBuildFile; fileRef = 56FF5610296716CB002C3300 /* RepoRepository.swift */; };
		56FF5613296716F2002C3300 /* RepoAPIClient.swift in Sources */ = {isa = PBXBuildFile; fileRef = 56FF5612296716F2002C3300 /* RepoAPIClient.swift */; };
		56FF56152967174E002C3300 /* Stateful.swift in Sources */ = {isa = PBXBuildFile; fileRef = 56FF56142967174E002C3300 /* Stateful.swift */; };
		56FF561D2967282A002C3300 /* RepoListViewModelTests.swift in Sources */ = {isa = PBXBuildFile; fileRef = 56FF561C2967282A002C3300 /* RepoListViewModelTests.swift */; };
/* End PBXBuildFile section */

/* Begin PBXContainerItemProxy section */
		56FF561E2967282A002C3300 /* PBXContainerItemProxy */ = {
			isa = PBXContainerItemProxy;
			containerPortal = 569AA1D9295DAF3500E6194A /* Project object */;
			proxyType = 1;
			remoteGlobalIDString = 569AA1E0295DAF3500E6194A;
			remoteInfo = GithubClient;
		};
/* End PBXContainerItemProxy section */

/* Begin PBXFileReference section */
		569AA1E1295DAF3500E6194A /* GithubClient.app */ = {isa = PBXFileReference; explicitFileType = wrapper.application; includeInIndex = 0; path = GithubClient.app; sourceTree = BUILT_PRODUCTS_DIR; };
		569AA1E4295DAF3500E6194A /* GitHubClientApp.swift */ = {isa = PBXFileReference; lastKnownFileType = sourcecode.swift; path = GitHubClientApp.swift; sourceTree = "<group>"; };
		569AA1E6295DAF3500E6194A /* RepoListView.swift */ = {isa = PBXFileReference; lastKnownFileType = sourcecode.swift; path = RepoListView.swift; sourceTree = "<group>"; };
		569AA1E8295DAF3600E6194A /* Assets.xcassets */ = {isa = PBXFileReference; lastKnownFileType = folder.assetcatalog; path = Assets.xcassets; sourceTree = "<group>"; };
		569AA1EB295DAF3600E6194A /* Preview Assets.xcassets */ = {isa = PBXFileReference; lastKnownFileType = folder.assetcatalog; path = "Preview Assets.xcassets"; sourceTree = "<group>"; };
		569AA1F22961BC5F00E6194A /* Repo.swift */ = {isa = PBXFileReference; lastKnownFileType = sourcecode.swift; path = Repo.swift; sourceTree = "<group>"; };
		569AA1F42961BC7200E6194A /* User.swift */ = {isa = PBXFileReference; fileEncoding = 4; lastKnownFileType = sourcecode.swift; path = User.swift; sourceTree = "<group>"; };
		569AA1F72961C1C200E6194A /* RepoRow.swift */ = {isa = PBXFileReference; lastKnownFileType = sourcecode.swift; path = RepoRow.swift; sourceTree = "<group>"; };
		569AA1F92961C7D800E6194A /* RepoDetailView.swift */ = {isa = PBXFileReference; lastKnownFileType = sourcecode.swift; path = RepoDetailView.swift; sourceTree = "<group>"; };
		569AA1FD2961CBC400E6194A /* User+mock.swift */ = {isa = PBXFileReference; lastKnownFileType = sourcecode.swift; path = "User+mock.swift"; sourceTree = "<group>"; };
		569AA1FF2961CBD700E6194A /* Repo+mock.swift */ = {isa = PBXFileReference; lastKnownFileType = sourcecode.swift; path = "Repo+mock.swift"; sourceTree = "<group>"; };
		56A0E0FB29646DAD0015ED11 /* Info.plist */ = {isa = PBXFileReference; lastKnownFileType = text.plist; name = Info.plist; path = GithubClient/Info.plist; sourceTree = "<group>"; };
		56FF560E29671692002C3300 /* RepoListViewModel.swift */ = {isa = PBXFileReference; lastKnownFileType = sourcecode.swift; path = RepoListViewModel.swift; sourceTree = "<group>"; };
		56FF5610296716CB002C3300 /* RepoRepository.swift */ = {isa = PBXFileReference; lastKnownFileType = sourcecode.swift; path = RepoRepository.swift; sourceTree = "<group>"; };
		56FF5612296716F2002C3300 /* RepoAPIClient.swift */ = {isa = PBXFileReference; lastKnownFileType = sourcecode.swift; path = RepoAPIClient.swift; sourceTree = "<group>"; };
		56FF56142967174E002C3300 /* Stateful.swift */ = {isa = PBXFileReference; lastKnownFileType = sourcecode.swift; path = Stateful.swift; sourceTree = "<group>"; };
		56FF561A2967282A002C3300 /* GithubClientTests.xctest */ = {isa = PBXFileReference; explicitFileType = wrapper.cfbundle; includeInIndex = 0; path = GithubClientTests.xctest; sourceTree = BUILT_PRODUCTS_DIR; };
		56FF561C2967282A002C3300 /* RepoListViewModelTests.swift */ = {isa = PBXFileReference; lastKnownFileType = sourcecode.swift; path = RepoListViewModelTests.swift; sourceTree = "<group>"; };
/* End PBXFileReference section */

/* Begin PBXFrameworksBuildPhase section */
		569AA1DE295DAF3500E6194A /* Frameworks */ = {
			isa = PBXFrameworksBuildPhase;
			buildActionMask = 2147483647;
			files = (
			);
			runOnlyForDeploymentPostprocessing = 0;
		};
		56FF56172967282A002C3300 /* Frameworks */ = {
			isa = PBXFrameworksBuildPhase;
			buildActionMask = 2147483647;
			files = (
			);
			runOnlyForDeploymentPostprocessing = 0;
		};
/* End PBXFrameworksBuildPhase section */

/* Begin PBXGroup section */
		569AA1D8295DAF3500E6194A = {
			isa = PBXGroup;
			children = (
				56A0E0FB29646DAD0015ED11 /* Info.plist */,
				569AA1E3295DAF3500E6194A /* GitHubClient */,
				56FF561B2967282A002C3300 /* GitHubClientTests */,
				569AA1E2295DAF3500E6194A /* Products */,
			);
			sourceTree = "<group>";
		};
		569AA1E2295DAF3500E6194A /* Products */ = {
			isa = PBXGroup;
			children = (
				569AA1E1295DAF3500E6194A /* GithubClient.app */,
				56FF561A2967282A002C3300 /* GithubClientTests.xctest */,
			);
			name = Products;
			sourceTree = "<group>";
		};
		569AA1E3295DAF3500E6194A /* GitHubClient */ = {
			isa = PBXGroup;
			children = (
				569AA1E4295DAF3500E6194A /* GitHubClientApp.swift */,
				569AA1FB2961C89100E6194A /* Views */,
				569AA1E8295DAF3600E6194A /* Assets.xcassets */,
				569AA1F62961BC8000E6194A /* Models */,
				56FF560E29671692002C3300 /* RepoListViewModel.swift */,
				56FF5610296716CB002C3300 /* RepoRepository.swift */,
				56FF5612296716F2002C3300 /* RepoAPIClient.swift */,
				56FF56142967174E002C3300 /* Stateful.swift */,
				569AA1EA295DAF3600E6194A /* Preview Content */,
			);
			path = GitHubClient;
			sourceTree = "<group>";
		};
		569AA1EA295DAF3600E6194A /* Preview Content */ = {
			isa = PBXGroup;
			children = (
				569AA1FC2961CB9B00E6194A /* Mocks */,
				569AA1EB295DAF3600E6194A /* Preview Assets.xcassets */,
			);
			path = "Preview Content";
			sourceTree = "<group>";
		};
		569AA1F62961BC8000E6194A /* Models */ = {
			isa = PBXGroup;
			children = (
				569AA1F22961BC5F00E6194A /* Repo.swift */,
				569AA1F42961BC7200E6194A /* User.swift */,
			);
			path = Models;
			sourceTree = "<group>";
		};
		569AA1FB2961C89100E6194A /* Views */ = {
			isa = PBXGroup;
			children = (
				569AA1E6295DAF3500E6194A /* RepoListView.swift */,
				569AA1F92961C7D800E6194A /* RepoDetailView.swift */,
				569AA1F72961C1C200E6194A /* RepoRow.swift */,
			);
			path = Views;
			sourceTree = "<group>";
		};
		569AA1FC2961CB9B00E6194A /* Mocks */ = {
			isa = PBXGroup;
			children = (
				569AA1FD2961CBC400E6194A /* User+mock.swift */,
				569AA1FF2961CBD700E6194A /* Repo+mock.swift */,
			);
			path = Mocks;
			sourceTree = "<group>";
		};
		56FF561B2967282A002C3300 /* GitHubClientTests */ = {
			isa = PBXGroup;
			children = (
				56FF561C2967282A002C3300 /* RepoListViewModelTests.swift */,
			);
			path = GitHubClientTests;
			sourceTree = "<group>";
		};
/* End PBXGroup section */

/* Begin PBXNativeTarget section */
		569AA1E0295DAF3500E6194A /* GithubClient */ = {
			isa = PBXNativeTarget;
			buildConfigurationList = 569AA1EF295DAF3600E6194A /* Build configuration list for PBXNativeTarget "GithubClient" */;
			buildPhases = (
				569AA1DD295DAF3500E6194A /* Sources */,
				569AA1DE295DAF3500E6194A /* Frameworks */,
				569AA1DF295DAF3500E6194A /* Resources */,
			);
			buildRules = (
			);
			dependencies = (
			);
			name = GithubClient;
			productName = GithubClient;
			productReference = 569AA1E1295DAF3500E6194A /* GithubClient.app */;
			productType = "com.apple.product-type.application";
		};
		56FF56192967282A002C3300 /* GithubClientTests */ = {
			isa = PBXNativeTarget;
			buildConfigurationList = 56FF56202967282A002C3300 /* Build configuration list for PBXNativeTarget "GithubClientTests" */;
			buildPhases = (
				56FF56162967282A002C3300 /* Sources */,
				56FF56172967282A002C3300 /* Frameworks */,
				56FF56182967282A002C3300 /* Resources */,
			);
			buildRules = (
			);
			dependencies = (
				56FF561F2967282A002C3300 /* PBXTargetDependency */,
			);
			name = GithubClientTests;
			productName = GithubClientTests;
			productReference = 56FF561A2967282A002C3300 /* GithubClientTests.xctest */;
			productType = "com.apple.product-type.bundle.unit-test";
		};
/* End PBXNativeTarget section */

/* Begin PBXProject section */
		569AA1D9295DAF3500E6194A /* Project object */ = {
			isa = PBXProject;
			attributes = {
				BuildIndependentTargetsInParallel = 1;
				LastSwiftUpdateCheck = 1420;
				LastUpgradeCheck = 1420;
				TargetAttributes = {
					569AA1E0295DAF3500E6194A = {
						CreatedOnToolsVersion = 14.2;
					};
					56FF56192967282A002C3300 = {
						CreatedOnToolsVersion = 14.2;
						TestTargetID = 569AA1E0295DAF3500E6194A;
					};
				};
			};
			buildConfigurationList = 569AA1DC295DAF3500E6194A /* Build configuration list for PBXProject "GitHubClient" */;
			compatibilityVersion = "Xcode 14.0";
			developmentRegion = en;
			hasScannedForEncodings = 0;
			knownRegions = (
				en,
				Base,
			);
			mainGroup = 569AA1D8295DAF3500E6194A;
			productRefGroup = 569AA1E2295DAF3500E6194A /* Products */;
			projectDirPath = "";
			projectRoot = "";
			targets = (
				569AA1E0295DAF3500E6194A /* GithubClient */,
				56FF56192967282A002C3300 /* GithubClientTests */,
			);
		};
/* End PBXProject section */

/* Begin PBXResourcesBuildPhase section */
		569AA1DF295DAF3500E6194A /* Resources */ = {
			isa = PBXResourcesBuildPhase;
			buildActionMask = 2147483647;
			files = (
				569AA1EC295DAF3600E6194A /* Preview Assets.xcassets in Resources */,
				569AA1E9295DAF3600E6194A /* Assets.xcassets in Resources */,
			);
			runOnlyForDeploymentPostprocessing = 0;
		};
		56FF56182967282A002C3300 /* Resources */ = {
			isa = PBXResourcesBuildPhase;
			buildActionMask = 2147483647;
			files = (
			);
			runOnlyForDeploymentPostprocessing = 0;
		};
/* End PBXResourcesBuildPhase section */

/* Begin PBXSourcesBuildPhase section */
		569AA1DD295DAF3500E6194A /* Sources */ = {
			isa = PBXSourcesBuildPhase;
			buildActionMask = 2147483647;
			files = (
				569AA1F82961C1C200E6194A /* RepoRow.swift in Sources */,
				56FF56152967174E002C3300 /* Stateful.swift in Sources */,
				56FF5611296716CB002C3300 /* RepoRepository.swift in Sources */,
				569AA1FE2961CBC400E6194A /* User+mock.swift in Sources */,
				569AA1F52961BC7200E6194A /* User.swift in Sources */,
				569AA1F32961BC5F00E6194A /* Repo.swift in Sources */,
				569AA1FA2961C7D800E6194A /* RepoDetailView.swift in Sources */,
				569AA2002961CBD700E6194A /* Repo+mock.swift in Sources */,
				569AA1E7295DAF3500E6194A /* RepoListView.swift in Sources */,
				569AA1E5295DAF3500E6194A /* GitHubClientApp.swift in Sources */,
				56FF5613296716F2002C3300 /* RepoAPIClient.swift in Sources */,
				56FF560F29671692002C3300 /* RepoListViewModel.swift in Sources */,
			);
			runOnlyForDeploymentPostprocessing = 0;
		};
		56FF56162967282A002C3300 /* Sources */ = {
			isa = PBXSourcesBuildPhase;
			buildActionMask = 2147483647;
			files = (
				56FF561D2967282A002C3300 /* RepoListViewModelTests.swift in Sources */,
			);
			runOnlyForDeploymentPostprocessing = 0;
		};
/* End PBXSourcesBuildPhase section */

/* Begin PBXTargetDependency section */
		56FF561F2967282A002C3300 /* PBXTargetDependency */ = {
			isa = PBXTargetDependency;
			target = 569AA1E0295DAF3500E6194A /* GithubClient */;
			targetProxy = 56FF561E2967282A002C3300 /* PBXContainerItemProxy */;
		};
/* End PBXTargetDependency section */

/* Begin XCBuildConfiguration section */
		569AA1ED295DAF3600E6194A /* Debug */ = {
			isa = XCBuildConfiguration;
			buildSettings = {
				ALWAYS_SEARCH_USER_PATHS = NO;
				CLANG_ANALYZER_NONNULL = YES;
				CLANG_ANALYZER_NUMBER_OBJECT_CONVERSION = YES_AGGRESSIVE;
				CLANG_CXX_LANGUAGE_STANDARD = "gnu++20";
				CLANG_ENABLE_MODULES = YES;
				CLANG_ENABLE_OBJC_ARC = YES;
				CLANG_ENABLE_OBJC_WEAK = YES;
				CLANG_WARN_BLOCK_CAPTURE_AUTORELEASING = YES;
				CLANG_WARN_BOOL_CONVERSION = YES;
				CLANG_WARN_COMMA = YES;
				CLANG_WARN_CONSTANT_CONVERSION = YES;
				CLANG_WARN_DEPRECATED_OBJC_IMPLEMENTATIONS = YES;
				CLANG_WARN_DIRECT_OBJC_ISA_USAGE = YES_ERROR;
				CLANG_WARN_DOCUMENTATION_COMMENTS = YES;
				CLANG_WARN_EMPTY_BODY = YES;
				CLANG_WARN_ENUM_CONVERSION = YES;
				CLANG_WARN_INFINITE_RECURSION = YES;
				CLANG_WARN_INT_CONVERSION = YES;
				CLANG_WARN_NON_LITERAL_NULL_CONVERSION = YES;
				CLANG_WARN_OBJC_IMPLICIT_RETAIN_SELF = YES;
				CLANG_WARN_OBJC_LITERAL_CONVERSION = YES;
				CLANG_WARN_OBJC_ROOT_CLASS = YES_ERROR;
				CLANG_WARN_QUOTED_INCLUDE_IN_FRAMEWORK_HEADER = YES;
				CLANG_WARN_RANGE_LOOP_ANALYSIS = YES;
				CLANG_WARN_STRICT_PROTOTYPES = YES;
				CLANG_WARN_SUSPICIOUS_MOVE = YES;
				CLANG_WARN_UNGUARDED_AVAILABILITY = YES_AGGRESSIVE;
				CLANG_WARN_UNREACHABLE_CODE = YES;
				CLANG_WARN__DUPLICATE_METHOD_MATCH = YES;
				COPY_PHASE_STRIP = NO;
				DEBUG_INFORMATION_FORMAT = dwarf;
				ENABLE_STRICT_OBJC_MSGSEND = YES;
				ENABLE_TESTABILITY = YES;
				GCC_C_LANGUAGE_STANDARD = gnu11;
				GCC_DYNAMIC_NO_PIC = NO;
				GCC_NO_COMMON_BLOCKS = YES;
				GCC_OPTIMIZATION_LEVEL = 0;
				GCC_PREPROCESSOR_DEFINITIONS = (
					"DEBUG=1",
					"$(inherited)",
				);
				GCC_WARN_64_TO_32_BIT_CONVERSION = YES;
				GCC_WARN_ABOUT_RETURN_TYPE = YES_ERROR;
				GCC_WARN_UNDECLARED_SELECTOR = YES;
				GCC_WARN_UNINITIALIZED_AUTOS = YES_AGGRESSIVE;
				GCC_WARN_UNUSED_FUNCTION = YES;
				GCC_WARN_UNUSED_VARIABLE = YES;
				IPHONEOS_DEPLOYMENT_TARGET = 16.2;
				MTL_ENABLE_DEBUG_INFO = INCLUDE_SOURCE;
				MTL_FAST_MATH = YES;
				ONLY_ACTIVE_ARCH = YES;
				SDKROOT = iphoneos;
				SWIFT_ACTIVE_COMPILATION_CONDITIONS = DEBUG;
				SWIFT_OPTIMIZATION_LEVEL = "-Onone";
			};
			name = Debug;
		};
		569AA1EE295DAF3600E6194A /* Release */ = {
			isa = XCBuildConfiguration;
			buildSettings = {
				ALWAYS_SEARCH_USER_PATHS = NO;
				CLANG_ANALYZER_NONNULL = YES;
				CLANG_ANALYZER_NUMBER_OBJECT_CONVERSION = YES_AGGRESSIVE;
				CLANG_CXX_LANGUAGE_STANDARD = "gnu++20";
				CLANG_ENABLE_MODULES = YES;
				CLANG_ENABLE_OBJC_ARC = YES;
				CLANG_ENABLE_OBJC_WEAK = YES;
				CLANG_WARN_BLOCK_CAPTURE_AUTORELEASING = YES;
				CLANG_WARN_BOOL_CONVERSION = YES;
				CLANG_WARN_COMMA = YES;
				CLANG_WARN_CONSTANT_CONVERSION = YES;
				CLANG_WARN_DEPRECATED_OBJC_IMPLEMENTATIONS = YES;
				CLANG_WARN_DIRECT_OBJC_ISA_USAGE = YES_ERROR;
				CLANG_WARN_DOCUMENTATION_COMMENTS = YES;
				CLANG_WARN_EMPTY_BODY = YES;
				CLANG_WARN_ENUM_CONVERSION = YES;
				CLANG_WARN_INFINITE_RECURSION = YES;
				CLANG_WARN_INT_CONVERSION = YES;
				CLANG_WARN_NON_LITERAL_NULL_CONVERSION = YES;
				CLANG_WARN_OBJC_IMPLICIT_RETAIN_SELF = YES;
				CLANG_WARN_OBJC_LITERAL_CONVERSION = YES;
				CLANG_WARN_OBJC_ROOT_CLASS = YES_ERROR;
				CLANG_WARN_QUOTED_INCLUDE_IN_FRAMEWORK_HEADER = YES;
				CLANG_WARN_RANGE_LOOP_ANALYSIS = YES;
				CLANG_WARN_STRICT_PROTOTYPES = YES;
				CLANG_WARN_SUSPICIOUS_MOVE = YES;
				CLANG_WARN_UNGUARDED_AVAILABILITY = YES_AGGRESSIVE;
				CLANG_WARN_UNREACHABLE_CODE = YES;
				CLANG_WARN__DUPLICATE_METHOD_MATCH = YES;
				COPY_PHASE_STRIP = NO;
				DEBUG_INFORMATION_FORMAT = "dwarf-with-dsym";
				ENABLE_NS_ASSERTIONS = NO;
				ENABLE_STRICT_OBJC_MSGSEND = YES;
				GCC_C_LANGUAGE_STANDARD = gnu11;
				GCC_NO_COMMON_BLOCKS = YES;
				GCC_WARN_64_TO_32_BIT_CONVERSION = YES;
				GCC_WARN_ABOUT_RETURN_TYPE = YES_ERROR;
				GCC_WARN_UNDECLARED_SELECTOR = YES;
				GCC_WARN_UNINITIALIZED_AUTOS = YES_AGGRESSIVE;
				GCC_WARN_UNUSED_FUNCTION = YES;
				GCC_WARN_UNUSED_VARIABLE = YES;
				IPHONEOS_DEPLOYMENT_TARGET = 16.2;
				MTL_ENABLE_DEBUG_INFO = NO;
				MTL_FAST_MATH = YES;
				SDKROOT = iphoneos;
				SWIFT_COMPILATION_MODE = wholemodule;
				SWIFT_OPTIMIZATION_LEVEL = "-O";
				VALIDATE_PRODUCT = YES;
			};
			name = Release;
		};
		569AA1F0295DAF3600E6194A /* Debug */ = {
			isa = XCBuildConfiguration;
			buildSettings = {
				ASSETCATALOG_COMPILER_APPICON_NAME = AppIcon;
				ASSETCATALOG_COMPILER_GLOBAL_ACCENT_COLOR_NAME = AccentColor;
				CODE_SIGN_STYLE = Automatic;
				CURRENT_PROJECT_VERSION = 1;
				DEVELOPMENT_ASSET_PATHS = "\"GithubClient/Preview Content\"";
				ENABLE_PREVIEWS = YES;
				GENERATE_INFOPLIST_FILE = YES;
				INFOPLIST_FILE = GithubClient/Info.plist;
				INFOPLIST_KEY_UIApplicationSupportsIndirectInputEvents = YES;
				INFOPLIST_KEY_UILaunchScreen_Generation = YES;
				INFOPLIST_KEY_UISupportedInterfaceOrientations_iPad = "UIInterfaceOrientationPortrait UIInterfaceOrientationPortraitUpsideDown UIInterfaceOrientationLandscapeLeft UIInterfaceOrientationLandscapeRight";
				INFOPLIST_KEY_UISupportedInterfaceOrientations_iPhone = "UIInterfaceOrientationPortrait UIInterfaceOrientationLandscapeLeft UIInterfaceOrientationLandscapeRight";
				LD_RUNPATH_SEARCH_PATHS = (
					"$(inherited)",
					"@executable_path/Frameworks",
				);
				MARKETING_VERSION = 1.0;
				PRODUCT_BUNDLE_IDENTIFIER = com.ochi.GithubClient;
				PRODUCT_NAME = "$(TARGET_NAME)";
				SWIFT_EMIT_LOC_STRINGS = YES;
				SWIFT_VERSION = 5.0;
				TARGETED_DEVICE_FAMILY = "1,2";
			};
			name = Debug;
		};
		569AA1F1295DAF3600E6194A /* Release */ = {
			isa = XCBuildConfiguration;
			buildSettings = {
				ASSETCATALOG_COMPILER_APPICON_NAME = AppIcon;
				ASSETCATALOG_COMPILER_GLOBAL_ACCENT_COLOR_NAME = AccentColor;
				CODE_SIGN_STYLE = Automatic;
				CURRENT_PROJECT_VERSION = 1;
				DEVELOPMENT_ASSET_PATHS = "\"GithubClient/Preview Content\"";
				ENABLE_PREVIEWS = YES;
				GENERATE_INFOPLIST_FILE = YES;
				INFOPLIST_FILE = GithubClient/Info.plist;
				INFOPLIST_KEY_UIApplicationSupportsIndirectInputEvents = YES;
				INFOPLIST_KEY_UILaunchScreen_Generation = YES;
				INFOPLIST_KEY_UISupportedInterfaceOrientations_iPad = "UIInterfaceOrientationPortrait UIInterfaceOrientationPortraitUpsideDown UIInterfaceOrientationLandscapeLeft UIInterfaceOrientationLandscapeRight";
				INFOPLIST_KEY_UISupportedInterfaceOrientations_iPhone = "UIInterfaceOrientationPortrait UIInterfaceOrientationLandscapeLeft UIInterfaceOrientationLandscapeRight";
				LD_RUNPATH_SEARCH_PATHS = (
					"$(inherited)",
					"@executable_path/Frameworks",
				);
				MARKETING_VERSION = 1.0;
				PRODUCT_BUNDLE_IDENTIFIER = com.ochi.GithubClient;
				PRODUCT_NAME = "$(TARGET_NAME)";
				SWIFT_EMIT_LOC_STRINGS = YES;
				SWIFT_VERSION = 5.0;
				TARGETED_DEVICE_FAMILY = "1,2";
			};
			name = Release;
		};
		56FF56212967282A002C3300 /* Debug */ = {
			isa = XCBuildConfiguration;
			buildSettings = {
				BUNDLE_LOADER = "$(TEST_HOST)";
				CODE_SIGN_STYLE = Automatic;
				CURRENT_PROJECT_VERSION = 1;
				GENERATE_INFOPLIST_FILE = YES;
				IPHONEOS_DEPLOYMENT_TARGET = 16.2;
				MACOSX_DEPLOYMENT_TARGET = 12.6;
				MARKETING_VERSION = 1.0;
				PRODUCT_BUNDLE_IDENTIFIER = com.ochi.GithubClientTests;
				PRODUCT_NAME = "$(TARGET_NAME)";
				SDKROOT = auto;
				SUPPORTED_PLATFORMS = "iphoneos iphonesimulator macosx";
				SWIFT_EMIT_LOC_STRINGS = NO;
				SWIFT_VERSION = 5.0;
				TARGETED_DEVICE_FAMILY = "1,2";
				TEST_HOST = "$(BUILT_PRODUCTS_DIR)/GithubClient.app/$(BUNDLE_EXECUTABLE_FOLDER_PATH)/GithubClient";
			};
			name = Debug;
		};
		56FF56222967282A002C3300 /* Release */ = {
			isa = XCBuildConfiguration;
			buildSettings = {
				BUNDLE_LOADER = "$(TEST_HOST)";
				CODE_SIGN_STYLE = Automatic;
				CURRENT_PROJECT_VERSION = 1;
				GENERATE_INFOPLIST_FILE = YES;
				IPHONEOS_DEPLOYMENT_TARGET = 16.2;
				MACOSX_DEPLOYMENT_TARGET = 12.6;
				MARKETING_VERSION = 1.0;
				PRODUCT_BUNDLE_IDENTIFIER = com.ochi.GithubClientTests;
				PRODUCT_NAME = "$(TARGET_NAME)";
				SDKROOT = auto;
				SUPPORTED_PLATFORMS = "iphoneos iphonesimulator macosx";
				SWIFT_EMIT_LOC_STRINGS = NO;
				SWIFT_VERSION = 5.0;
				TARGETED_DEVICE_FAMILY = "1,2";
				TEST_HOST = "$(BUILT_PRODUCTS_DIR)/GithubClient.app/$(BUNDLE_EXECUTABLE_FOLDER_PATH)/GithubClient";
			};
			name = Release;
		};
/* End XCBuildConfiguration section */

/* Begin XCConfigurationList section */
		569AA1DC295DAF3500E6194A /* Build configuration list for PBXProject "GitHubClient" */ = {
			isa = XCConfigurationList;
			buildConfigurations = (
				569AA1ED295DAF3600E6194A /* Debug */,
				569AA1EE295DAF3600E6194A /* Release */,
			);
			defaultConfigurationIsVisible = 0;
			defaultConfigurationName = Release;
		};
		569AA1EF295DAF3600E6194A /* Build configuration list for PBXNativeTarget "GithubClient" */ = {
			isa = XCConfigurationList;
			buildConfigurations = (
				569AA1F0295DAF3600E6194A /* Debug */,
				569AA1F1295DAF3600E6194A /* Release */,
			);
			defaultConfigurationIsVisible = 0;
			defaultConfigurationName = Release;
		};
		56FF56202967282A002C3300 /* Build configuration list for PBXNativeTarget "GithubClientTests" */ = {
			isa = XCConfigurationList;
			buildConfigurations = (
				56FF56212967282A002C3300 /* Debug */,
				56FF56222967282A002C3300 /* Release */,
			);
			defaultConfigurationIsVisible = 0;
			defaultConfigurationName = Release;
		};
/* End XCConfigurationList section */
	};
	rootObject = 569AA1D9295DAF3500E6194A /* Project object */;
}
